
Microsoft Visual Studio Solution File, Format Version 12.00
# Visual Studio 15
VisualStudioVersion = 15.0.28010.2048
MinimumVisualStudioVersion = 10.0.40219.1
Project("{9A19103F-16F7-4668-BE54-9A1E7A4F7556}") = "DotNetCoreSqlDb", "DotNetCoreSqlDb.csproj", "{637A67DB-F69F-4E7B-AFEE-0FD9AB6B0F63}"
EndProject
Global
	GlobalSection(SolutionConfigurationPlatforms) = preSolution
		Debug|Any CPU = Debug|Any CPU
		Release|Any CPU = Release|Any CPU
	EndGlobalSection
	GlobalSection(ProjectConfigurationPlatforms) = postSolution
		{637A67DB-F69F-4E7B-AFEE-0FD9AB6B0F63}.Debug|Any CPU.ActiveCfg = Debug|Any CPU
		{637A67DB-F69F-4E7B-AFEE-0FD9AB6B0F63}.Debug|Any CPU.Build.0 = Debug|Any CPU
		{637A67DB-F69F-4E7B-AFEE-0FD9AB6B0F63}.Release|Any CPU.ActiveCfg = Release|Any CPU
		{637A67DB-F69F-4E7B-AFEE-0FD9AB6B0F63}.Release|Any CPU.Build.0 = Release|Any CPU
	EndGlobalSection
	GlobalSection(SolutionProperties) = preSolution
		HideSolutionNode = FALSE
	EndGlobalSection
	GlobalSection(ExtensibilityGlobals) = postSolution
		SolutionGuid = {B9D49133-586F-4766-92B2-4FEE99A27A39}
	EndGlobalSection
EndGlobal
